
Microsoft Visual Studio Solution File, Format Version 12.00
# Visual Studio 2013
VisualStudioVersion = 12.0.21005.1
MinimumVisualStudioVersion = 10.0.40219.1
Project("{FAE04EC0-301F-11D3-BF4B-00C04F79EFBC}") = "TaskForce.Network", "TaskForce.Network\TaskForce.Network.csproj", "{0AB1EF2F-F245-42E8-B8B9-A9E73611BC60}"
EndProject
Project("{FAE04EC0-301F-11D3-BF4B-00C04F79EFBC}") = "TaskForce.Entities", "TaskForce.Entities\TaskForce.Entities.csproj", "{E6E94B4A-C33C-46B3-ADE7-D2CF0F663252}"
EndProject
Project("{2150E333-8FDC-42A3-9474-1A3956D46DE8}") = "Misc", "Misc", "{EE90C301-3F15-405C-BC75-66C923472954}"
	ProjectSection(SolutionItems) = preProject
		Misc\MSSQL_TaskForce.sql = Misc\MSSQL_TaskForce.sql
		Misc\MSSQL_TestData.sql = Misc\MSSQL_TestData.sql
		Misc\TaskForce.ruleset = Misc\TaskForce.ruleset
	EndProjectSection
EndProject
Project("{FAE04EC0-301F-11D3-BF4B-00C04F79EFBC}") = "TaskForce.Database.Core", "TaskForce.Database.Core\TaskForce.Database.Core.csproj", "{D59F46B8-0530-4A33-91ED-10D42DB2AE28}"
EndProject
Project("{FAE04EC0-301F-11D3-BF4B-00C04F79EFBC}") = "TaskForce.Database", "TaskForce.Database\TaskForce.Database.csproj", "{EFE80F42-BCD7-436A-8FC2-AE24D945A3A8}"
EndProject
Project("{FAE04EC0-301F-11D3-BF4B-00C04F79EFBC}") = "ClientTest", "ClientTest\ClientTest.csproj", "{C9B31667-0C71-4454-83F8-472390D1AE8D}"
EndProject
Project("{FAE04EC0-301F-11D3-BF4B-00C04F79EFBC}") = "CServerTest", "CServerTest\CServerTest.csproj", "{1599307E-B739-48D0-9768-99CE19E94D38}"
EndProject
Global
	GlobalSection(SolutionConfigurationPlatforms) = preSolution
		Debug|Any CPU = Debug|Any CPU
		Release|Any CPU = Release|Any CPU
	EndGlobalSection
	GlobalSection(ProjectConfigurationPlatforms) = postSolution
		{0AB1EF2F-F245-42E8-B8B9-A9E73611BC60}.Debug|Any CPU.ActiveCfg = Debug|Any CPU
		{0AB1EF2F-F245-42E8-B8B9-A9E73611BC60}.Debug|Any CPU.Build.0 = Debug|Any CPU
		{0AB1EF2F-F245-42E8-B8B9-A9E73611BC60}.Release|Any CPU.ActiveCfg = Release|Any CPU
		{0AB1EF2F-F245-42E8-B8B9-A9E73611BC60}.Release|Any CPU.Build.0 = Release|Any CPU
		{E6E94B4A-C33C-46B3-ADE7-D2CF0F663252}.Debug|Any CPU.ActiveCfg = Debug|Any CPU
		{E6E94B4A-C33C-46B3-ADE7-D2CF0F663252}.Debug|Any CPU.Build.0 = Debug|Any CPU
		{E6E94B4A-C33C-46B3-ADE7-D2CF0F663252}.Release|Any CPU.ActiveCfg = Release|Any CPU
		{E6E94B4A-C33C-46B3-ADE7-D2CF0F663252}.Release|Any CPU.Build.0 = Release|Any CPU
		{D59F46B8-0530-4A33-91ED-10D42DB2AE28}.Debug|Any CPU.ActiveCfg = Debug|Any CPU
		{D59F46B8-0530-4A33-91ED-10D42DB2AE28}.Debug|Any CPU.Build.0 = Debug|Any CPU
		{D59F46B8-0530-4A33-91ED-10D42DB2AE28}.Release|Any CPU.ActiveCfg = Release|Any CPU
		{D59F46B8-0530-4A33-91ED-10D42DB2AE28}.Release|Any CPU.Build.0 = Release|Any CPU
		{EFE80F42-BCD7-436A-8FC2-AE24D945A3A8}.Debug|Any CPU.ActiveCfg = Debug|Any CPU
		{EFE80F42-BCD7-436A-8FC2-AE24D945A3A8}.Debug|Any CPU.Build.0 = Debug|Any CPU
		{EFE80F42-BCD7-436A-8FC2-AE24D945A3A8}.Release|Any CPU.ActiveCfg = Release|Any CPU
		{EFE80F42-BCD7-436A-8FC2-AE24D945A3A8}.Release|Any CPU.Build.0 = Release|Any CPU
		{C9B31667-0C71-4454-83F8-472390D1AE8D}.Debug|Any CPU.ActiveCfg = Debug|Any CPU
		{C9B31667-0C71-4454-83F8-472390D1AE8D}.Debug|Any CPU.Build.0 = Debug|Any CPU
		{C9B31667-0C71-4454-83F8-472390D1AE8D}.Release|Any CPU.ActiveCfg = Release|Any CPU
		{C9B31667-0C71-4454-83F8-472390D1AE8D}.Release|Any CPU.Build.0 = Release|Any CPU
		{1599307E-B739-48D0-9768-99CE19E94D38}.Debug|Any CPU.ActiveCfg = Debug|Any CPU
		{1599307E-B739-48D0-9768-99CE19E94D38}.Debug|Any CPU.Build.0 = Debug|Any CPU
		{1599307E-B739-48D0-9768-99CE19E94D38}.Release|Any CPU.ActiveCfg = Release|Any CPU
		{1599307E-B739-48D0-9768-99CE19E94D38}.Release|Any CPU.Build.0 = Release|Any CPU
	EndGlobalSection
	GlobalSection(SolutionProperties) = preSolution
		HideSolutionNode = FALSE
	EndGlobalSection
EndGlobal
